# This file is automatically @generated by Poetry 1.4.2 and should not be changed by hand.

[[package]]
name = "et-xmlfile"
version = "1.1.0"
description = "An implementation of lxml.xmlfile for the standard library"
category = "main"
optional = false
python-versions = ">=3.6"
files = [
    {file = "et_xmlfile-1.1.0-py3-none-any.whl", hash = "sha256:a2ba85d1d6a74ef63837eed693bcb89c3f752169b0e3e7ae5b16ca5e1b3deada"},
    {file = "et_xmlfile-1.1.0.tar.gz", hash = "sha256:8eb9e2bc2f8c97e37a2dc85a09ecdcdec9d8a396530a6d5a33b30b9a92da0c5c"},
]

[[package]]
name = "fire"
version = "0.5.0"
description = "A library for automatically generating command line interfaces."
category = "main"
optional = false
python-versions = "*"
files = [
    {file = "fire-0.5.0.tar.gz", hash = "sha256:a6b0d49e98c8963910021f92bba66f65ab440da2982b78eb1bbf95a0a34aacc6"},
]

[package.dependencies]
six = "*"
termcolor = "*"

[[package]]
name = "openpyxl"
version = "3.1.2"
description = "A Python library to read/write Excel 2010 xlsx/xlsm files"
category = "main"
optional = false
python-versions = ">=3.6"
files = [
    {file = "openpyxl-3.1.2-py2.py3-none-any.whl", hash = "sha256:f91456ead12ab3c6c2e9491cf33ba6d08357d802192379bb482f1033ade496f5"},
    {file = "openpyxl-3.1.2.tar.gz", hash = "sha256:a6f5977418eff3b2d5500d54d9db50c8277a368436f4e4f8ddb1be3422870184"},
]

[package.dependencies]
et-xmlfile = "*"

[[package]]
name = "six"
version = "1.16.0"
description = "Python 2 and 3 compatibility utilities"
category = "main"
optional = false
python-versions = ">=2.7, !=3.0.*, !=3.1.*, !=3.2.*"
files = [
    {file = "six-1.16.0-py2.py3-none-any.whl", hash = "sha256:8abb2f1d86890a2dfb989f9a77cfcfd3e47c2a354b01111771326f8aa26e0254"},
    {file = "six-1.16.0.tar.gz", hash = "sha256:1e61c37477a1626458e36f7b1d82aa5c9b094fa4802892072e49de9c60c4c926"},
]

[[package]]
name = "termcolor"
version = "2.2.0"
description = "ANSI color formatting for output in terminal"
category = "main"
optional = false
python-versions = ">=3.7"
files = [
    {file = "termcolor-2.2.0-py3-none-any.whl", hash = "sha256:91ddd848e7251200eac969846cbae2dacd7d71c2871e92733289e7e3666f48e7"},
    {file = "termcolor-2.2.0.tar.gz", hash = "sha256:dfc8ac3f350788f23b2947b3e6cfa5a53b630b612e6cd8965a015a776020b99a"},
]

[package.extras]
tests = ["pytest", "pytest-cov"]

[metadata]
lock-version = "2.0"
python-versions = "^3.11"
content-hash = "9dc8ec188e08b6ffd00248c8227cd59b3efd23ce8c2abe0b09d838305282019a"
